
Microsoft Visual Studio Solution File, Format Version 12.00
# Visual Studio Version 16
VisualStudioVersion = 16.0.30011.22
MinimumVisualStudioVersion = 10.0.40219.1
Project("{FAE04EC0-301F-11D3-BF4B-00C04F79EFBC}") = "projeto_quiz", "projeto_quiz.csproj", "{453A1C31-E29C-4D0A-B03C-38C29F61892A}"
EndProject
Global
	GlobalSection(SolutionConfigurationPlatforms) = preSolution
		Debug|Any CPU = Debug|Any CPU
		Release|Any CPU = Release|Any CPU
	EndGlobalSection
	GlobalSection(ProjectConfigurationPlatforms) = postSolution
		{453A1C31-E29C-4D0A-B03C-38C29F61892A}.Debug|Any CPU.ActiveCfg = Debug|Any CPU
		{453A1C31-E29C-4D0A-B03C-38C29F61892A}.Debug|Any CPU.Build.0 = Debug|Any CPU
		{453A1C31-E29C-4D0A-B03C-38C29F61892A}.Release|Any CPU.ActiveCfg = Release|Any CPU
		{453A1C31-E29C-4D0A-B03C-38C29F61892A}.Release|Any CPU.Build.0 = Release|Any CPU
	EndGlobalSection
	GlobalSection(SolutionProperties) = preSolution
		HideSolutionNode = FALSE
	EndGlobalSection
	GlobalSection(ExtensibilityGlobals) = postSolution
		SolutionGuid = {3B904C1F-2513-4D2F-AEF9-2B0223932ADA}
	EndGlobalSection
EndGlobal
